
Microsoft Visual Studio Solution File, Format Version 12.00
# Visual Studio Version 17
VisualStudioVersion = 17.0.31903.59
MinimumVisualStudioVersion = 10.0.40219.1
Project("{FAE04EC0-301F-11D3-BF4B-00C04F79EFBC}") = "Core", "Core\Core.csproj", "{7F7B3AA6-7B5A-4C94-823F-8742CB8F470D}"
EndProject
Project("{FAE04EC0-301F-11D3-BF4B-00C04F79EFBC}") = "Application", "Application\Application.csproj", "{59F28ED5-D157-4E06-90A0-9FB24CE9C4F5}"
EndProject
Project("{FAE04EC0-301F-11D3-BF4B-00C04F79EFBC}") = "TestApp", "TestApp\TestApp.csproj", "{A234F8C0-DE8B-4F13-9D05-F80B70F03EE4}"
EndProject
Project("{FAE04EC0-301F-11D3-BF4B-00C04F79EFBC}") = "WebApi", "WebApi\WebApi.csproj", "{97E1770B-464C-4E93-AE08-5F47B18E03B3}"
EndProject
Global
	GlobalSection(SolutionConfigurationPlatforms) = preSolution
		Debug|Any CPU = Debug|Any CPU
		Debug|x64 = Debug|x64
		Debug|x86 = Debug|x86
		Release|Any CPU = Release|Any CPU
		Release|x64 = Release|x64
		Release|x86 = Release|x86
	EndGlobalSection
	GlobalSection(ProjectConfigurationPlatforms) = postSolution
		{7F7B3AA6-7B5A-4C94-823F-8742CB8F470D}.Debug|Any CPU.ActiveCfg = Debug|Any CPU
		{7F7B3AA6-7B5A-4C94-823F-8742CB8F470D}.Debug|Any CPU.Build.0 = Debug|Any CPU
		{7F7B3AA6-7B5A-4C94-823F-8742CB8F470D}.Debug|x64.ActiveCfg = Debug|Any CPU
		{7F7B3AA6-7B5A-4C94-823F-8742CB8F470D}.Debug|x64.Build.0 = Debug|Any CPU
		{7F7B3AA6-7B5A-4C94-823F-8742CB8F470D}.Debug|x86.ActiveCfg = Debug|Any CPU
		{7F7B3AA6-7B5A-4C94-823F-8742CB8F470D}.Debug|x86.Build.0 = Debug|Any CPU
		{7F7B3AA6-7B5A-4C94-823F-8742CB8F470D}.Release|Any CPU.ActiveCfg = Release|Any CPU
		{7F7B3AA6-7B5A-4C94-823F-8742CB8F470D}.Release|Any CPU.Build.0 = Release|Any CPU
		{7F7B3AA6-7B5A-4C94-823F-8742CB8F470D}.Release|x64.ActiveCfg = Release|Any CPU
		{7F7B3AA6-7B5A-4C94-823F-8742CB8F470D}.Release|x64.Build.0 = Release|Any CPU
		{7F7B3AA6-7B5A-4C94-823F-8742CB8F470D}.Release|x86.ActiveCfg = Release|Any CPU
		{7F7B3AA6-7B5A-4C94-823F-8742CB8F470D}.Release|x86.Build.0 = Release|Any CPU
		{59F28ED5-D157-4E06-90A0-9FB24CE9C4F5}.Debug|Any CPU.ActiveCfg = Debug|Any CPU
		{59F28ED5-D157-4E06-90A0-9FB24CE9C4F5}.Debug|Any CPU.Build.0 = Debug|Any CPU
		{59F28ED5-D157-4E06-90A0-9FB24CE9C4F5}.Debug|x64.ActiveCfg = Debug|Any CPU
		{59F28ED5-D157-4E06-90A0-9FB24CE9C4F5}.Debug|x64.Build.0 = Debug|Any CPU
		{59F28ED5-D157-4E06-90A0-9FB24CE9C4F5}.Debug|x86.ActiveCfg = Debug|Any CPU
		{59F28ED5-D157-4E06-90A0-9FB24CE9C4F5}.Debug|x86.Build.0 = Debug|Any CPU
		{59F28ED5-D157-4E06-90A0-9FB24CE9C4F5}.Release|Any CPU.ActiveCfg = Release|Any CPU
		{59F28ED5-D157-4E06-90A0-9FB24CE9C4F5}.Release|Any CPU.Build.0 = Release|Any CPU
		{59F28ED5-D157-4E06-90A0-9FB24CE9C4F5}.Release|x64.ActiveCfg = Release|Any CPU
		{59F28ED5-D157-4E06-90A0-9FB24CE9C4F5}.Release|x64.Build.0 = Release|Any CPU
		{59F28ED5-D157-4E06-90A0-9FB24CE9C4F5}.Release|x86.ActiveCfg = Release|Any CPU
		{59F28ED5-D157-4E06-90A0-9FB24CE9C4F5}.Release|x86.Build.0 = Release|Any CPU
		{A234F8C0-DE8B-4F13-9D05-F80B70F03EE4}.Debug|Any CPU.ActiveCfg = Debug|Any CPU
		{A234F8C0-DE8B-4F13-9D05-F80B70F03EE4}.Debug|Any CPU.Build.0 = Debug|Any CPU
		{A234F8C0-DE8B-4F13-9D05-F80B70F03EE4}.Debug|x64.ActiveCfg = Debug|Any CPU
		{A234F8C0-DE8B-4F13-9D05-F80B70F03EE4}.Debug|x64.Build.0 = Debug|Any CPU
		{A234F8C0-DE8B-4F13-9D05-F80B70F03EE4}.Debug|x86.ActiveCfg = Debug|Any CPU
		{A234F8C0-DE8B-4F13-9D05-F80B70F03EE4}.Debug|x86.Build.0 = Debug|Any CPU
		{A234F8C0-DE8B-4F13-9D05-F80B70F03EE4}.Release|Any CPU.ActiveCfg = Release|Any CPU
		{A234F8C0-DE8B-4F13-9D05-F80B70F03EE4}.Release|Any CPU.Build.0 = Release|Any CPU
		{A234F8C0-DE8B-4F13-9D05-F80B70F03EE4}.Release|x64.ActiveCfg = Release|Any CPU
		{A234F8C0-DE8B-4F13-9D05-F80B70F03EE4}.Release|x64.Build.0 = Release|Any CPU
		{A234F8C0-DE8B-4F13-9D05-F80B70F03EE4}.Release|x86.ActiveCfg = Release|Any CPU
		{A234F8C0-DE8B-4F13-9D05-F80B70F03EE4}.Release|x86.Build.0 = Release|Any CPU
		{97E1770B-464C-4E93-AE08-5F47B18E03B3}.Debug|Any CPU.ActiveCfg = Debug|Any CPU
		{97E1770B-464C-4E93-AE08-5F47B18E03B3}.Debug|Any CPU.Build.0 = Debug|Any CPU
		{97E1770B-464C-4E93-AE08-5F47B18E03B3}.Debug|x64.ActiveCfg = Debug|Any CPU
		{97E1770B-464C-4E93-AE08-5F47B18E03B3}.Debug|x64.Build.0 = Debug|Any CPU
		{97E1770B-464C-4E93-AE08-5F47B18E03B3}.Debug|x86.ActiveCfg = Debug|Any CPU
		{97E1770B-464C-4E93-AE08-5F47B18E03B3}.Debug|x86.Build.0 = Debug|Any CPU
		{97E1770B-464C-4E93-AE08-5F47B18E03B3}.Release|Any CPU.ActiveCfg = Release|Any CPU
		{97E1770B-464C-4E93-AE08-5F47B18E03B3}.Release|Any CPU.Build.0 = Release|Any CPU
		{97E1770B-464C-4E93-AE08-5F47B18E03B3}.Release|x64.ActiveCfg = Release|Any CPU
		{97E1770B-464C-4E93-AE08-5F47B18E03B3}.Release|x64.Build.0 = Release|Any CPU
		{97E1770B-464C-4E93-AE08-5F47B18E03B3}.Release|x86.ActiveCfg = Release|Any CPU
		{97E1770B-464C-4E93-AE08-5F47B18E03B3}.Release|x86.Build.0 = Release|Any CPU
	EndGlobalSection
	GlobalSection(SolutionProperties) = preSolution
		HideSolutionNode = FALSE
	EndGlobalSection
EndGlobal
